// !$*UTF8*$!
{
	archiveVersion = 1;
	classes = {
	};
	objectVersion = 50;
	objects = {

/* Begin PBXBuildFile section */
		5C0D31162129DC940055AF34 /* Default-568h@2x.png in Resources */ = {isa = PBXBuildFile; fileRef = 5C0D31152129DC940055AF34 /* Default-568h@2x.png */; };
		5C17E3C6218769600083DDBC /* ConcentrationTests.swift in Sources */ = {isa = PBXBuildFile; fileRef = 5C17E3C5218769600083DDBC /* ConcentrationTests.swift */; };
		5C1C44EA212912C9004B4F51 /* ConcentrationViewController.swift in Sources */ = {isa = PBXBuildFile; fileRef = 5C1C44E9212912C9004B4F51 /* ConcentrationViewController.swift */; };
		5C1C44ED212912CA004B4F51 /* Main.storyboard in Resources */ = {isa = PBXBuildFile; fileRef = 5C1C44EB212912C9004B4F51 /* Main.storyboard */; };
		5C1C44EF212912CA004B4F51 /* Assets.xcassets in Resources */ = {isa = PBXBuildFile; fileRef = 5C1C44EE212912CA004B4F51 /* Assets.xcassets */; };
		5C1C44F2212912CA004B4F51 /* LaunchScreen.storyboard in Resources */ = {isa = PBXBuildFile; fileRef = 5C1C44F0212912CA004B4F51 /* LaunchScreen.storyboard */; };
		5C1C44FE2129130D004B4F51 /* Concentration.swift in Sources */ = {isa = PBXBuildFile; fileRef = 5C1C44FA2129130D004B4F51 /* Concentration.swift */; };
		5C1C450221291F54004B4F51 /* ConcentrationThemeChooserViewController.swift in Sources */ = {isa = PBXBuildFile; fileRef = 5C1C450121291F54004B4F51 /* ConcentrationThemeChooserViewController.swift */; };
		5CBA32762129E5010010D301 /* AppDelegate.swift in Sources */ = {isa = PBXBuildFile; fileRef = 5CBA32752129E5010010D301 /* AppDelegate.swift */; };
		5CBA32782129E50E0010D301 /* Card.swift in Sources */ = {isa = PBXBuildFile; fileRef = 5CBA32772129E50E0010D301 /* Card.swift */; };
/* End PBXBuildFile section */

/* Begin PBXContainerItemProxy section */
		5C17E3C8218769600083DDBC /* PBXContainerItemProxy */ = {
			isa = PBXContainerItemProxy;
			containerPortal = 5C1C44DC212912C9004B4F51 /* Project object */;
			proxyType = 1;
			remoteGlobalIDString = 5C1C44E3212912C9004B4F51;
			remoteInfo = Concentration;
		};
/* End PBXContainerItemProxy section */

/* Begin PBXFileReference section */
		5C0D31152129DC940055AF34 /* Default-568h@2x.png */ = {isa = PBXFileReference; lastKnownFileType = image.png; path = "Default-568h@2x.png"; sourceTree = "<group>"; };
		5C17E3C3218769600083DDBC /* ConcentrationTests.xctest */ = {isa = PBXFileReference; explicitFileType = wrapper.cfbundle; includeInIndex = 0; path = ConcentrationTests.xctest; sourceTree = BUILT_PRODUCTS_DIR; };
		5C17E3C5218769600083DDBC /* ConcentrationTests.swift */ = {isa = PBXFileReference; lastKnownFileType = sourcecode.swift; path = ConcentrationTests.swift; sourceTree = "<group>"; };
		5C17E3C7218769600083DDBC /* Info.plist */ = {isa = PBXFileReference; lastKnownFileType = text.plist.xml; path = Info.plist; sourceTree = "<group>"; };
		5C1C44E4212912C9004B4F51 /* Concentration.app */ = {isa = PBXFileReference; explicitFileType = wrapper.application; includeInIndex = 0; path = Concentration.app; sourceTree = BUILT_PRODUCTS_DIR; };
		5C1C44E9212912C9004B4F51 /* ConcentrationViewController.swift */ = {isa = PBXFileReference; lastKnownFileType = sourcecode.swift; path = ConcentrationViewController.swift; sourceTree = "<group>"; };
		5C1C44EC212912C9004B4F51 /* Base */ = {isa = PBXFileReference; lastKnownFileType = file.storyboard; name = Base; path = Base.lproj/Main.storyboard; sourceTree = "<group>"; };
		5C1C44EE212912CA004B4F51 /* Assets.xcassets */ = {isa = PBXFileReference; lastKnownFileType = folder.assetcatalog; path = Assets.xcassets; sourceTree = "<group>"; };
		5C1C44F1212912CA004B4F51 /* Base */ = {isa = PBXFileReference; lastKnownFileType = file.storyboard; name = Base; path = Base.lproj/LaunchScreen.storyboard; sourceTree = "<group>"; };
		5C1C44F3212912CA004B4F51 /* Info.plist */ = {isa = PBXFileReference; lastKnownFileType = text.plist.xml; path = Info.plist; sourceTree = "<group>"; };
		5C1C44FA2129130D004B4F51 /* Concentration.swift */ = {isa = PBXFileReference; fileEncoding = 4; lastKnownFileType = sourcecode.swift; name = Concentration.swift; path = "../../../concentration backup files/Concentration.swift"; sourceTree = "<group>"; };
		5C1C450121291F54004B4F51 /* ConcentrationThemeChooserViewController.swift */ = {isa = PBXFileReference; lastKnownFileType = sourcecode.swift; path = ConcentrationThemeChooserViewController.swift; sourceTree = "<group>"; };
		5CBA32752129E5010010D301 /* AppDelegate.swift */ = {isa = PBXFileReference; fileEncoding = 4; lastKnownFileType = sourcecode.swift; path = AppDelegate.swift; sourceTree = "<group>"; };
		5CBA32772129E50E0010D301 /* Card.swift */ = {isa = PBXFileReference; fileEncoding = 4; lastKnownFileType = sourcecode.swift; path = Card.swift; sourceTree = "<group>"; };
/* End PBXFileReference section */

/* Begin PBXFrameworksBuildPhase section */
		5C17E3C0218769600083DDBC /* Frameworks */ = {
			isa = PBXFrameworksBuildPhase;
			buildActionMask = 2147483647;
			files = (
			);
			runOnlyForDeploymentPostprocessing = 0;
		};
		5C1C44E1212912C9004B4F51 /* Frameworks */ = {
			isa = PBXFrameworksBuildPhase;
			buildActionMask = 2147483647;
			files = (
			);
			runOnlyForDeploymentPostprocessing = 0;
		};
/* End PBXFrameworksBuildPhase section */

/* Begin PBXGroup section */
		5C17E3C4218769600083DDBC /* ConcentrationTests */ = {
			isa = PBXGroup;
			children = (
				5C17E3C5218769600083DDBC /* ConcentrationTests.swift */,
				5C17E3C7218769600083DDBC /* Info.plist */,
			);
			path = ConcentrationTests;
			sourceTree = "<group>";
		};
		5C1C44DB212912C9004B4F51 = {
			isa = PBXGroup;
			children = (
				5C0D31152129DC940055AF34 /* Default-568h@2x.png */,
				5C1C44E6212912C9004B4F51 /* Concentration */,
				5C17E3C4218769600083DDBC /* ConcentrationTests */,
				5C1C44E5212912C9004B4F51 /* Products */,
			);
			sourceTree = "<group>";
		};
		5C1C44E5212912C9004B4F51 /* Products */ = {
			isa = PBXGroup;
			children = (
				5C1C44E4212912C9004B4F51 /* Concentration.app */,
				5C17E3C3218769600083DDBC /* ConcentrationTests.xctest */,
			);
			name = Products;
			sourceTree = "<group>";
		};
		5C1C44E6212912C9004B4F51 /* Concentration */ = {
			isa = PBXGroup;
			children = (
				5C1C450121291F54004B4F51 /* ConcentrationThemeChooserViewController.swift */,
				5C1C44FA2129130D004B4F51 /* Concentration.swift */,
				5C1C44E9212912C9004B4F51 /* ConcentrationViewController.swift */,
				5C1C44EB212912C9004B4F51 /* Main.storyboard */,
				5CBA32772129E50E0010D301 /* Card.swift */,
				5CBA32752129E5010010D301 /* AppDelegate.swift */,
				5C1C44EE212912CA004B4F51 /* Assets.xcassets */,
				5C1C44F0212912CA004B4F51 /* LaunchScreen.storyboard */,
				5C1C44F3212912CA004B4F51 /* Info.plist */,
			);
			path = Concentration;
			sourceTree = "<group>";
		};
/* End PBXGroup section */

/* Begin PBXNativeTarget section */
		5C17E3C2218769600083DDBC /* ConcentrationTests */ = {
			isa = PBXNativeTarget;
			buildConfigurationList = 5C17E3CC218769600083DDBC /* Build configuration list for PBXNativeTarget "ConcentrationTests" */;
			buildPhases = (
				5C17E3BF218769600083DDBC /* Sources */,
				5C17E3C0218769600083DDBC /* Frameworks */,
				5C17E3C1218769600083DDBC /* Resources */,
			);
			buildRules = (
			);
			dependencies = (
				5C17E3C9218769600083DDBC /* PBXTargetDependency */,
			);
			name = ConcentrationTests;
			productName = ConcentrationTests;
			productReference = 5C17E3C3218769600083DDBC /* ConcentrationTests.xctest */;
			productType = "com.apple.product-type.bundle.unit-test";
		};
		5C1C44E3212912C9004B4F51 /* Concentration */ = {
			isa = PBXNativeTarget;
			buildConfigurationList = 5C1C44F6212912CA004B4F51 /* Build configuration list for PBXNativeTarget "Concentration" */;
			buildPhases = (
				5C1C44E0212912C9004B4F51 /* Sources */,
				5C1C44E1212912C9004B4F51 /* Frameworks */,
				5C1C44E2212912C9004B4F51 /* Resources */,
			);
			buildRules = (
			);
			dependencies = (
			);
			name = Concentration;
			productName = Concentration;
			productReference = 5C1C44E4212912C9004B4F51 /* Concentration.app */;
			productType = "com.apple.product-type.application";
		};
/* End PBXNativeTarget section */

/* Begin PBXProject section */
		5C1C44DC212912C9004B4F51 /* Project object */ = {
			isa = PBXProject;
			attributes = {
				LastSwiftUpdateCheck = 1000;
				LastUpgradeCheck = 0940;
				ORGANIZATIONNAME = "Chester Lau";
				TargetAttributes = {
					5C17E3C2218769600083DDBC = {
						CreatedOnToolsVersion = 10.0;
						TestTargetID = 5C1C44E3212912C9004B4F51;
					};
					5C1C44E3212912C9004B4F51 = {
						CreatedOnToolsVersion = 9.4.1;
						LastSwiftMigration = 1000;
					};
				};
			};
			buildConfigurationList = 5C1C44DF212912C9004B4F51 /* Build configuration list for PBXProject "Concentration" */;
			compatibilityVersion = "Xcode 9.3";
			developmentRegion = en;
			hasScannedForEncodings = 0;
			knownRegions = (
				en,
				Base,
			);
			mainGroup = 5C1C44DB212912C9004B4F51;
			productRefGroup = 5C1C44E5212912C9004B4F51 /* Products */;
			projectDirPath = "";
			projectRoot = "";
			targets = (
				5C1C44E3212912C9004B4F51 /* Concentration */,
				5C17E3C2218769600083DDBC /* ConcentrationTests */,
			);
		};
/* End PBXProject section */

/* Begin PBXResourcesBuildPhase section */
		5C17E3C1218769600083DDBC /* Resources */ = {
			isa = PBXResourcesBuildPhase;
			buildActionMask = 2147483647;
			files = (
			);
			runOnlyForDeploymentPostprocessing = 0;
		};
		5C1C44E2212912C9004B4F51 /* Resources */ = {
			isa = PBXResourcesBuildPhase;
			buildActionMask = 2147483647;
			files = (
				5C1C44F2212912CA004B4F51 /* LaunchScreen.storyboard in Resources */,
				5C0D31162129DC940055AF34 /* Default-568h@2x.png in Resources */,
				5C1C44EF212912CA004B4F51 /* Assets.xcassets in Resources */,
				5C1C44ED212912CA004B4F51 /* Main.storyboard in Resources */,
			);
			runOnlyForDeploymentPostprocessing = 0;
		};
/* End PBXResourcesBuildPhase section */

/* Begin PBXSourcesBuildPhase section */
		5C17E3BF218769600083DDBC /* Sources */ = {
			isa = PBXSourcesBuildPhase;
			buildActionMask = 2147483647;
			files = (
				5C17E3C6218769600083DDBC /* ConcentrationTests.swift in Sources */,
			);
			runOnlyForDeploymentPostprocessing = 0;
		};
		5C1C44E0212912C9004B4F51 /* Sources */ = {
			isa = PBXSourcesBuildPhase;
			buildActionMask = 2147483647;
			files = (
				5C1C44EA212912C9004B4F51 /* ConcentrationViewController.swift in Sources */,
				5CBA32782129E50E0010D301 /* Card.swift in Sources */,
				5C1C44FE2129130D004B4F51 /* Concentration.swift in Sources */,
				5CBA32762129E5010010D301 /* AppDelegate.swift in Sources */,
				5C1C450221291F54004B4F51 /* ConcentrationThemeChooserViewController.swift in Sources */,
			);
			runOnlyForDeploymentPostprocessing = 0;
		};
/* End PBXSourcesBuildPhase section */

/* Begin PBXTargetDependency section */
		5C17E3C9218769600083DDBC /* PBXTargetDependency */ = {
			isa = PBXTargetDependency;
			target = 5C1C44E3212912C9004B4F51 /* Concentration */;
			targetProxy = 5C17E3C8218769600083DDBC /* PBXContainerItemProxy */;
		};
/* End PBXTargetDependency section */

/* Begin PBXVariantGroup section */
		5C1C44EB212912C9004B4F51 /* Main.storyboard */ = {
			isa = PBXVariantGroup;
			children = (
				5C1C44EC212912C9004B4F51 /* Base */,
			);
			name = Main.storyboard;
			sourceTree = "<group>";
		};
		5C1C44F0212912CA004B4F51 /* LaunchScreen.storyboard */ = {
			isa = PBXVariantGroup;
			children = (
				5C1C44F1212912CA004B4F51 /* Base */,
			);
			name = LaunchScreen.storyboard;
			sourceTree = "<group>";
		};
/* End PBXVariantGroup section */

/* Begin XCBuildConfiguration section */
		5C17E3CA218769600083DDBC /* Debug */ = {
			isa = XCBuildConfiguration;
			buildSettings = {
				BUNDLE_LOADER = "$(TEST_HOST)";
				CODE_SIGN_STYLE = Automatic;
				DEVELOPMENT_TEAM = 3AH85W6652;
				INFOPLIST_FILE = ConcentrationTests/Info.plist;
				IPHONEOS_DEPLOYMENT_TARGET = 12.0;
				LD_RUNPATH_SEARCH_PATHS = (
					"$(inherited)",
					"@executable_path/Frameworks",
					"@loader_path/Frameworks",
				);
				MTL_ENABLE_DEBUG_INFO = INCLUDE_SOURCE;
				MTL_FAST_MATH = YES;
				PRODUCT_BUNDLE_IDENTIFIER = com.chester.ConcentrationTests;
				PRODUCT_NAME = "$(TARGET_NAME)";
				SWIFT_VERSION = 4.2;
				TARGETED_DEVICE_FAMILY = "1,2";
				TEST_HOST = "$(BUILT_PRODUCTS_DIR)/Concentration.app/Concentration";
			};
			name = Debug;
		};
		5C17E3CB218769600083DDBC /* Release */ = {
			isa = XCBuildConfiguration;
			buildSettings = {
				BUNDLE_LOADER = "$(TEST_HOST)";
				CODE_SIGN_STYLE = Automatic;
				DEVELOPMENT_TEAM = 3AH85W6652;
				INFOPLIST_FILE = ConcentrationTests/Info.plist;
				IPHONEOS_DEPLOYMENT_TARGET = 12.0;
				LD_RUNPATH_SEARCH_PATHS = (
					"$(inherited)",
					"@executable_path/Frameworks",
					"@loader_path/Frameworks",
				);
				MTL_FAST_MATH = YES;
				PRODUCT_BUNDLE_IDENTIFIER = com.chester.ConcentrationTests;
				PRODUCT_NAME = "$(TARGET_NAME)";
				SWIFT_VERSION = 4.2;
				TARGETED_DEVICE_FAMILY = "1,2";
				TEST_HOST = "$(BUILT_PRODUCTS_DIR)/Concentration.app/Concentration";
			};
			name = Release;
		};
		5C1C44F4212912CA004B4F51 /* Debug */ = {
			isa = XCBuildConfiguration;
			buildSettings = {
				ALWAYS_SEARCH_USER_PATHS = NO;
				CLANG_ANALYZER_NONNULL = YES;
				CLANG_ANALYZER_NUMBER_OBJECT_CONVERSION = YES_AGGRESSIVE;
				CLANG_CXX_LANGUAGE_STANDARD = "gnu++14";
				CLANG_CXX_LIBRARY = "libc++";
				CLANG_ENABLE_MODULES = YES;
				CLANG_ENABLE_OBJC_ARC = YES;
				CLANG_ENABLE_OBJC_WEAK = YES;
				CLANG_WARN_BLOCK_CAPTURE_AUTORELEASING = YES;
				CLANG_WARN_BOOL_CONVERSION = YES;
				CLANG_WARN_COMMA = YES;
				CLANG_WARN_CONSTANT_CONVERSION = YES;
				CLANG_WARN_DEPRECATED_OBJC_IMPLEMENTATIONS = YES;
				CLANG_WARN_DIRECT_OBJC_ISA_USAGE = YES_ERROR;
				CLANG_WARN_DOCUMENTATION_COMMENTS = YES;
				CLANG_WARN_EMPTY_BODY = YES;
				CLANG_WARN_ENUM_CONVERSION = YES;
				CLANG_WARN_INFINITE_RECURSION = YES;
				CLANG_WARN_INT_CONVERSION = YES;
				CLANG_WARN_NON_LITERAL_NULL_CONVERSION = YES;
				CLANG_WARN_OBJC_IMPLICIT_RETAIN_SELF = YES;
				CLANG_WARN_OBJC_LITERAL_CONVERSION = YES;
				CLANG_WARN_OBJC_ROOT_CLASS = YES_ERROR;
				CLANG_WARN_RANGE_LOOP_ANALYSIS = YES;
				CLANG_WARN_STRICT_PROTOTYPES = YES;
				CLANG_WARN_SUSPICIOUS_MOVE = YES;
				CLANG_WARN_UNGUARDED_AVAILABILITY = YES_AGGRESSIVE;
				CLANG_WARN_UNREACHABLE_CODE = YES;
				CLANG_WARN__DUPLICATE_METHOD_MATCH = YES;
				CODE_SIGN_IDENTITY = "iPhone Developer";
				COPY_PHASE_STRIP = NO;
				DEBUG_INFORMATION_FORMAT = dwarf;
				ENABLE_STRICT_OBJC_MSGSEND = YES;
				ENABLE_TESTABILITY = YES;
				GCC_C_LANGUAGE_STANDARD = gnu11;
				GCC_DYNAMIC_NO_PIC = NO;
				GCC_NO_COMMON_BLOCKS = YES;
				GCC_OPTIMIZATION_LEVEL = 0;
				GCC_PREPROCESSOR_DEFINITIONS = (
					"DEBUG=1",
					"$(inherited)",
				);
				GCC_WARN_64_TO_32_BIT_CONVERSION = YES;
				GCC_WARN_ABOUT_RETURN_TYPE = YES_ERROR;
				GCC_WARN_UNDECLARED_SELECTOR = YES;
				GCC_WARN_UNINITIALIZED_AUTOS = YES_AGGRESSIVE;
				GCC_WARN_UNUSED_FUNCTION = YES;
				GCC_WARN_UNUSED_VARIABLE = YES;
				IPHONEOS_DEPLOYMENT_TARGET = 11.4;
				MTL_ENABLE_DEBUG_INFO = YES;
				ONLY_ACTIVE_ARCH = YES;
				SDKROOT = iphoneos;
				SWIFT_ACTIVE_COMPILATION_CONDITIONS = DEBUG;
				SWIFT_OPTIMIZATION_LEVEL = "-Onone";
			};
			name = Debug;
		};
		5C1C44F5212912CA004B4F51 /* Release */ = {
			isa = XCBuildConfiguration;
			buildSettings = {
				ALWAYS_SEARCH_USER_PATHS = NO;
				CLANG_ANALYZER_NONNULL = YES;
				CLANG_ANALYZER_NUMBER_OBJECT_CONVERSION = YES_AGGRESSIVE;
				CLANG_CXX_LANGUAGE_STANDARD = "gnu++14";
				CLANG_CXX_LIBRARY = "libc++";
				CLANG_ENABLE_MODULES = YES;
				CLANG_ENABLE_OBJC_ARC = YES;
				CLANG_ENABLE_OBJC_WEAK = YES;
				CLANG_WARN_BLOCK_CAPTURE_AUTORELEASING = YES;
				CLANG_WARN_BOOL_CONVERSION = YES;
				CLANG_WARN_COMMA = YES;
				CLANG_WARN_CONSTANT_CONVERSION = YES;
				CLANG_WARN_DEPRECATED_OBJC_IMPLEMENTATIONS = YES;
				CLANG_WARN_DIRECT_OBJC_ISA_USAGE = YES_ERROR;
				CLANG_WARN_DOCUMENTATION_COMMENTS = YES;
				CLANG_WARN_EMPTY_BODY = YES;
				CLANG_WARN_ENUM_CONVERSION = YES;
				CLANG_WARN_INFINITE_RECURSION = YES;
				CLANG_WARN_INT_CONVERSION = YES;
				CLANG_WARN_NON_LITERAL_NULL_CONVERSION = YES;
				CLANG_WARN_OBJC_IMPLICIT_RETAIN_SELF = YES;
				CLANG_WARN_OBJC_LITERAL_CONVERSION = YES;
				CLANG_WARN_OBJC_ROOT_CLASS = YES_ERROR;
				CLANG_WARN_RANGE_LOOP_ANALYSIS = YES;
				CLANG_WARN_STRICT_PROTOTYPES = YES;
				CLANG_WARN_SUSPICIOUS_MOVE = YES;
				CLANG_WARN_UNGUARDED_AVAILABILITY = YES_AGGRESSIVE;
				CLANG_WARN_UNREACHABLE_CODE = YES;
				CLANG_WARN__DUPLICATE_METHOD_MATCH = YES;
				CODE_SIGN_IDENTITY = "iPhone Developer";
				COPY_PHASE_STRIP = NO;
				DEBUG_INFORMATION_FORMAT = "dwarf-with-dsym";
				ENABLE_NS_ASSERTIONS = NO;
				ENABLE_STRICT_OBJC_MSGSEND = YES;
				GCC_C_LANGUAGE_STANDARD = gnu11;
				GCC_NO_COMMON_BLOCKS = YES;
				GCC_WARN_64_TO_32_BIT_CONVERSION = YES;
				GCC_WARN_ABOUT_RETURN_TYPE = YES_ERROR;
				GCC_WARN_UNDECLARED_SELECTOR = YES;
				GCC_WARN_UNINITIALIZED_AUTOS = YES_AGGRESSIVE;
				GCC_WARN_UNUSED_FUNCTION = YES;
				GCC_WARN_UNUSED_VARIABLE = YES;
				IPHONEOS_DEPLOYMENT_TARGET = 11.4;
				MTL_ENABLE_DEBUG_INFO = NO;
				SDKROOT = iphoneos;
				SWIFT_COMPILATION_MODE = wholemodule;
				SWIFT_OPTIMIZATION_LEVEL = "-O";
				VALIDATE_PRODUCT = YES;
			};
			name = Release;
		};
		5C1C44F7212912CA004B4F51 /* Debug */ = {
			isa = XCBuildConfiguration;
			buildSettings = {
				ASSETCATALOG_COMPILER_APPICON_NAME = AppIcon;
				CODE_SIGN_STYLE = Automatic;
				DEVELOPMENT_TEAM = 3AH85W6652;
				INFOPLIST_FILE = Concentration/Info.plist;
				LD_RUNPATH_SEARCH_PATHS = (
					"$(inherited)",
					"@executable_path/Frameworks",
				);
				PRODUCT_BUNDLE_IDENTIFIER = com.chester.Concentration;
				PRODUCT_NAME = "$(TARGET_NAME)";
				SWIFT_VERSION = 4.2;
				TARGETED_DEVICE_FAMILY = "1,2";
			};
			name = Debug;
		};
		5C1C44F8212912CA004B4F51 /* Release */ = {
			isa = XCBuildConfiguration;
			buildSettings = {
				ASSETCATALOG_COMPILER_APPICON_NAME = AppIcon;
				CODE_SIGN_STYLE = Automatic;
				DEVELOPMENT_TEAM = 3AH85W6652;
				INFOPLIST_FILE = Concentration/Info.plist;
				LD_RUNPATH_SEARCH_PATHS = (
					"$(inherited)",
					"@executable_path/Frameworks",
				);
				PRODUCT_BUNDLE_IDENTIFIER = com.chester.Concentration;
				PRODUCT_NAME = "$(TARGET_NAME)";
				SWIFT_VERSION = 4.2;
				TARGETED_DEVICE_FAMILY = "1,2";
			};
			name = Release;
		};
/* End XCBuildConfiguration section */

/* Begin XCConfigurationList section */
		5C17E3CC218769600083DDBC /* Build configuration list for PBXNativeTarget "ConcentrationTests" */ = {
			isa = XCConfigurationList;
			buildConfigurations = (
				5C17E3CA218769600083DDBC /* Debug */,
				5C17E3CB218769600083DDBC /* Release */,
			);
			defaultConfigurationIsVisible = 0;
			defaultConfigurationName = Release;
		};
		5C1C44DF212912C9004B4F51 /* Build configuration list for PBXProject "Concentration" */ = {
			isa = XCConfigurationList;
			buildConfigurations = (
				5C1C44F4212912CA004B4F51 /* Debug */,
				5C1C44F5212912CA004B4F51 /* Release */,
			);
			defaultConfigurationIsVisible = 0;
			defaultConfigurationName = Release;
		};
		5C1C44F6212912CA004B4F51 /* Build configuration list for PBXNativeTarget "Concentration" */ = {
			isa = XCConfigurationList;
			buildConfigurations = (
				5C1C44F7212912CA004B4F51 /* Debug */,
				5C1C44F8212912CA004B4F51 /* Release */,
			);
			defaultConfigurationIsVisible = 0;
			defaultConfigurationName = Release;
		};
/* End XCConfigurationList section */
	};
	rootObject = 5C1C44DC212912C9004B4F51 /* Project object */;
}
